
Microsoft Visual Studio Solution File, Format Version 12.00
# Visual Studio Version 17
VisualStudioVersion = 17.7.34031.279
MinimumVisualStudioVersion = 10.0.40219.1
Project("{9A19103F-16F7-4668-BE54-9A1E7A4F7556}") = "Lab1", "Lab1\Lab1.csproj", "{4B64D2A8-3D06-4B2E-8960-A511459071F0}"
EndProject
Project("{9A19103F-16F7-4668-BE54-9A1E7A4F7556}") = "Lab2", "Lab2\Lab2.csproj", "{35857645-2121-4EF2-B416-2151E846BB22}"
EndProject
Project("{9A19103F-16F7-4668-BE54-9A1E7A4F7556}") = "Lab4", "Lab4\Lab4.csproj", "{932DBC05-B96A-474E-9296-4F2ADECD3B43}"
EndProject
Project("{FAE04EC0-301F-11D3-BF4B-00C04F79EFBC}") = "Lab3 - App", "Lab3 - App\Lab3 - App.csproj", "{F09D3313-B16C-4746-8C73-CED13C2BDA18}"
EndProject
Project("{FAE04EC0-301F-11D3-BF4B-00C04F79EFBC}") = "Data - App", "Data - App\Data - App.csproj", "{FF568255-2B66-47E5-B790-0C5584116B71}"
EndProject
Project("{FAE04EC0-301F-11D3-BF4B-00C04F79EFBC}") = "Data", "Data\Data.csproj", "{19EB1AEF-B38F-4DDA-A099-F89EF5FBF8B0}"
EndProject
Global
	GlobalSection(SolutionConfigurationPlatforms) = preSolution
		Debug|Any CPU = Debug|Any CPU
		Release|Any CPU = Release|Any CPU
	EndGlobalSection
	GlobalSection(ProjectConfigurationPlatforms) = postSolution
		{4B64D2A8-3D06-4B2E-8960-A511459071F0}.Debug|Any CPU.ActiveCfg = Debug|Any CPU
		{4B64D2A8-3D06-4B2E-8960-A511459071F0}.Debug|Any CPU.Build.0 = Debug|Any CPU
		{4B64D2A8-3D06-4B2E-8960-A511459071F0}.Release|Any CPU.ActiveCfg = Release|Any CPU
		{4B64D2A8-3D06-4B2E-8960-A511459071F0}.Release|Any CPU.Build.0 = Release|Any CPU
		{35857645-2121-4EF2-B416-2151E846BB22}.Debug|Any CPU.ActiveCfg = Debug|Any CPU
		{35857645-2121-4EF2-B416-2151E846BB22}.Debug|Any CPU.Build.0 = Debug|Any CPU
		{35857645-2121-4EF2-B416-2151E846BB22}.Release|Any CPU.ActiveCfg = Release|Any CPU
		{35857645-2121-4EF2-B416-2151E846BB22}.Release|Any CPU.Build.0 = Release|Any CPU
		{932DBC05-B96A-474E-9296-4F2ADECD3B43}.Debug|Any CPU.ActiveCfg = Debug|Any CPU
		{932DBC05-B96A-474E-9296-4F2ADECD3B43}.Debug|Any CPU.Build.0 = Debug|Any CPU
		{932DBC05-B96A-474E-9296-4F2ADECD3B43}.Release|Any CPU.ActiveCfg = Release|Any CPU
		{932DBC05-B96A-474E-9296-4F2ADECD3B43}.Release|Any CPU.Build.0 = Release|Any CPU
		{F09D3313-B16C-4746-8C73-CED13C2BDA18}.Debug|Any CPU.ActiveCfg = Debug|Any CPU
		{F09D3313-B16C-4746-8C73-CED13C2BDA18}.Debug|Any CPU.Build.0 = Debug|Any CPU
		{F09D3313-B16C-4746-8C73-CED13C2BDA18}.Release|Any CPU.ActiveCfg = Release|Any CPU
		{F09D3313-B16C-4746-8C73-CED13C2BDA18}.Release|Any CPU.Build.0 = Release|Any CPU
		{FF568255-2B66-47E5-B790-0C5584116B71}.Debug|Any CPU.ActiveCfg = Debug|Any CPU
		{FF568255-2B66-47E5-B790-0C5584116B71}.Debug|Any CPU.Build.0 = Debug|Any CPU
		{FF568255-2B66-47E5-B790-0C5584116B71}.Release|Any CPU.ActiveCfg = Release|Any CPU
		{FF568255-2B66-47E5-B790-0C5584116B71}.Release|Any CPU.Build.0 = Release|Any CPU
		{19EB1AEF-B38F-4DDA-A099-F89EF5FBF8B0}.Debug|Any CPU.ActiveCfg = Debug|Any CPU
		{19EB1AEF-B38F-4DDA-A099-F89EF5FBF8B0}.Debug|Any CPU.Build.0 = Debug|Any CPU
		{19EB1AEF-B38F-4DDA-A099-F89EF5FBF8B0}.Release|Any CPU.ActiveCfg = Release|Any CPU
		{19EB1AEF-B38F-4DDA-A099-F89EF5FBF8B0}.Release|Any CPU.Build.0 = Release|Any CPU
	EndGlobalSection
	GlobalSection(SolutionProperties) = preSolution
		HideSolutionNode = FALSE
	EndGlobalSection
	GlobalSection(ExtensibilityGlobals) = postSolution
		SolutionGuid = {7D6CC93E-4837-4F6E-8940-78FDABFABEEB}
	EndGlobalSection
EndGlobal
